Microsoft Visual Studio Solution File, Format Version 12.00
# Visual Studio Version 17
VisualStudioVersion = 17.13.35931.197
MinimumVisualStudioVersion = 10.0.40219.1
Project("{2150E333-8FDC-42A3-9474-1A3956D46DE8}") = "100.ChatApp-AOAI", "100.ChatApp-AOAI", "{DDB4EF12-CC4E-5E88-E6FC-71A802F4DE97}"
EndProject
Project("{2150E333-8FDC-42A3-9474-1A3956D46DE8}") = "200.ChatApp-phi4", "200.ChatApp-phi4", "{BB3EC70B-238D-4E3E-85E1-50755315727C}"
EndProject
Project("{FAE04EC0-301F-11D3-BF4B-00C04F79EFBC}") = "ChatApp", "100.ChatApp-AOAI\ChatApp\ChatApp.csproj", "{113E515A-8097-5010-19E6-62925A07645A}"
EndProject
Global
	GlobalSection(SolutionConfigurationPlatforms) = preSolution
		Debug|Any CPU = Debug|Any CPU
		Release|Any CPU = Release|Any CPU
	EndGlobalSection
	GlobalSection(ProjectConfigurationPlatforms) = postSolution
		{113E515A-8097-5010-19E6-62925A07645A}.Debug|Any CPU.ActiveCfg = Debug|Any CPU
		{113E515A-8097-5010-19E6-62925A07645A}.Debug|Any CPU.Build.0 = Debug|Any CPU
		{113E515A-8097-5010-19E6-62925A07645A}.Release|Any CPU.ActiveCfg = Release|Any CPU
		{113E515A-8097-5010-19E6-62925A07645A}.Release|Any CPU.Build.0 = Release|Any CPU
	EndGlobalSection
	GlobalSection(SolutionProperties) = preSolution
		HideSolutionNode = FALSE
	EndGlobalSection
	GlobalSection(NestedProjects) = preSolution
		{113E515A-8097-5010-19E6-62925A07645A} = {DDB4EF12-CC4E-5E88-E6FC-71A802F4DE97}
	EndGlobalSection
	GlobalSection(ExtensibilityGlobals) = postSolution
		SolutionGuid = {0E7379E5-E25B-4CF9-A353-5C6F80CB04EA}
	EndGlobalSection
EndGlobal
