Microsoft Visual Studio Solution File, Format Version 12.00
# Visual Studio Version 17
VisualStudioVersion = 17.13.35931.197
MinimumVisualStudioVersion = 10.0.40219.1
Project("{2150E333-8FDC-42A3-9474-1A3956D46DE8}") = "Microsoft.Extensions.AI", "Microsoft.Extensions.AI", "{DDB4EF12-CC4E-5E88-E6FC-71A802F4DE97}"
EndProject
Project("{2150E333-8FDC-42A3-9474-1A3956D46DE8}") = "02.Ollama", "02.Ollama", "{258185FE-6922-4CFD-8856-303964512627}"
EndProject
Project("{FAE04EC0-301F-11D3-BF4B-00C04F79EFBC}") = "ChatApp1.AppHost", "060.MEAI\Ollama\ChatApp1\ChatApp1.AppHost\ChatApp1.AppHost.csproj", "{F14DF77C-2905-1EEE-2CBD-33FD4E455B86}"
EndProject
Project("{FAE04EC0-301F-11D3-BF4B-00C04F79EFBC}") = "ChatApp1.ServiceDefaults", "060.MEAI\Ollama\ChatApp1\ChatApp1.ServiceDefaults\ChatApp1.ServiceDefaults.csproj", "{FA55BB30-0E65-F927-9730-20006FEC8276}"
EndProject
Project("{FAE04EC0-301F-11D3-BF4B-00C04F79EFBC}") = "ChatApp1.Web", "060.MEAI\Ollama\ChatApp1\ChatApp1.Web\ChatApp1.Web.csproj", "{542583C4-5CBB-0F54-7AB8-00C3232B19A7}"
EndProject
Project("{2150E333-8FDC-42A3-9474-1A3956D46DE8}") = "01.AOAI", "01.AOAI", "{BEDA33A1-72B9-4629-8F34-553DDC2B6DDF}"
EndProject
Project("{FAE04EC0-301F-11D3-BF4B-00C04F79EFBC}") = "ChatApp1.AppHost", "060.MEAI\AOAI\ChatApp1\ChatApp1.AppHost\ChatApp1.AppHost.csproj", "{BDDE2A9E-94E6-C138-CB43-C312C3E673C2}"
EndProject
Project("{FAE04EC0-301F-11D3-BF4B-00C04F79EFBC}") = "ChatApp1.ServiceDefaults", "060.MEAI\AOAI\ChatApp1\ChatApp1.ServiceDefaults\ChatApp1.ServiceDefaults.csproj", "{D269479B-BA29-A6C4-C5C4-2B55C6F27BAB}"
EndProject
Project("{FAE04EC0-301F-11D3-BF4B-00C04F79EFBC}") = "ChatApp1.Web", "060.MEAI\AOAI\ChatApp1\ChatApp1.Web\ChatApp1.Web.csproj", "{526DA68E-8BD5-6050-CED2-F3EDEF5BFE0F}"
EndProject
Project("{2150E333-8FDC-42A3-9474-1A3956D46DE8}") = "03.MCP-SK", "03.MCP-SK", "{17286B8D-EEE2-4194-9C9F-9FA496CB979B}"
EndProject
Project("{FAE04EC0-301F-11D3-BF4B-00C04F79EFBC}") = "MCPApp.AppHost", "060.MEAI\MCP\MCPApp\MCPApp.AppHost\MCPApp.AppHost.csproj", "{514BC831-9EB8-4CE2-80D2-ADADFFA276CE}"
EndProject
Project("{FAE04EC0-301F-11D3-BF4B-00C04F79EFBC}") = "MCPApp.ServiceDefaults", "060.MEAI\MCP\MCPApp\MCPApp.ServiceDefaults\MCPApp.ServiceDefaults.csproj", "{94CE9EF4-7E95-592F-9DF6-782290F9FE2C}"
EndProject
Project("{FAE04EC0-301F-11D3-BF4B-00C04F79EFBC}") = "WeatherForecastMCPServer", "060.MEAI\MCP\WeatherForecastMCPServer\WeatherForecastMCPServer.csproj", "{706069DF-9345-A294-CD93-92C05330ED2E}"
EndProject
Project("{FAE04EC0-301F-11D3-BF4B-00C04F79EFBC}") = "AIClientApp", "060.MEAI\MCP\AIClientApp\AIClientApp.csproj", "{DA658445-2DC1-C6A1-9418-D8CB26C3CB19}"
EndProject
Global
	GlobalSection(SolutionConfigurationPlatforms) = preSolution
		Debug|Any CPU = Debug|Any CPU
		Release|Any CPU = Release|Any CPU
	EndGlobalSection
	GlobalSection(ProjectConfigurationPlatforms) = postSolution
		{F14DF77C-2905-1EEE-2CBD-33FD4E455B86}.Debug|Any CPU.ActiveCfg = Debug|Any CPU
		{F14DF77C-2905-1EEE-2CBD-33FD4E455B86}.Debug|Any CPU.Build.0 = Debug|Any CPU
		{F14DF77C-2905-1EEE-2CBD-33FD4E455B86}.Release|Any CPU.ActiveCfg = Release|Any CPU
		{F14DF77C-2905-1EEE-2CBD-33FD4E455B86}.Release|Any CPU.Build.0 = Release|Any CPU
		{FA55BB30-0E65-F927-9730-20006FEC8276}.Debug|Any CPU.ActiveCfg = Debug|Any CPU
		{FA55BB30-0E65-F927-9730-20006FEC8276}.Debug|Any CPU.Build.0 = Debug|Any CPU
		{FA55BB30-0E65-F927-9730-20006FEC8276}.Release|Any CPU.ActiveCfg = Release|Any CPU
		{FA55BB30-0E65-F927-9730-20006FEC8276}.Release|Any CPU.Build.0 = Release|Any CPU
		{542583C4-5CBB-0F54-7AB8-00C3232B19A7}.Debug|Any CPU.ActiveCfg = Debug|Any CPU
		{542583C4-5CBB-0F54-7AB8-00C3232B19A7}.Debug|Any CPU.Build.0 = Debug|Any CPU
		{542583C4-5CBB-0F54-7AB8-00C3232B19A7}.Release|Any CPU.ActiveCfg = Release|Any CPU
		{542583C4-5CBB-0F54-7AB8-00C3232B19A7}.Release|Any CPU.Build.0 = Release|Any CPU
		{BDDE2A9E-94E6-C138-CB43-C312C3E673C2}.Debug|Any CPU.ActiveCfg = Debug|Any CPU
		{BDDE2A9E-94E6-C138-CB43-C312C3E673C2}.Debug|Any CPU.Build.0 = Debug|Any CPU
		{BDDE2A9E-94E6-C138-CB43-C312C3E673C2}.Release|Any CPU.ActiveCfg = Release|Any CPU
		{BDDE2A9E-94E6-C138-CB43-C312C3E673C2}.Release|Any CPU.Build.0 = Release|Any CPU
		{D269479B-BA29-A6C4-C5C4-2B55C6F27BAB}.Debug|Any CPU.ActiveCfg = Debug|Any CPU
		{D269479B-BA29-A6C4-C5C4-2B55C6F27BAB}.Debug|Any CPU.Build.0 = Debug|Any CPU
		{D269479B-BA29-A6C4-C5C4-2B55C6F27BAB}.Release|Any CPU.ActiveCfg = Release|Any CPU
		{D269479B-BA29-A6C4-C5C4-2B55C6F27BAB}.Release|Any CPU.Build.0 = Release|Any CPU
		{526DA68E-8BD5-6050-CED2-F3EDEF5BFE0F}.Debug|Any CPU.ActiveCfg = Debug|Any CPU
		{526DA68E-8BD5-6050-CED2-F3EDEF5BFE0F}.Debug|Any CPU.Build.0 = Debug|Any CPU
		{526DA68E-8BD5-6050-CED2-F3EDEF5BFE0F}.Release|Any CPU.ActiveCfg = Release|Any CPU
		{526DA68E-8BD5-6050-CED2-F3EDEF5BFE0F}.Release|Any CPU.Build.0 = Release|Any CPU
		{514BC831-9EB8-4CE2-80D2-ADADFFA276CE}.Debug|Any CPU.ActiveCfg = Debug|Any CPU
		{514BC831-9EB8-4CE2-80D2-ADADFFA276CE}.Debug|Any CPU.Build.0 = Debug|Any CPU
		{514BC831-9EB8-4CE2-80D2-ADADFFA276CE}.Release|Any CPU.ActiveCfg = Release|Any CPU
		{514BC831-9EB8-4CE2-80D2-ADADFFA276CE}.Release|Any CPU.Build.0 = Release|Any CPU
		{94CE9EF4-7E95-592F-9DF6-782290F9FE2C}.Debug|Any CPU.ActiveCfg = Debug|Any CPU
		{94CE9EF4-7E95-592F-9DF6-782290F9FE2C}.Debug|Any CPU.Build.0 = Debug|Any CPU
		{94CE9EF4-7E95-592F-9DF6-782290F9FE2C}.Release|Any CPU.ActiveCfg = Release|Any CPU
		{94CE9EF4-7E95-592F-9DF6-782290F9FE2C}.Release|Any CPU.Build.0 = Release|Any CPU
		{706069DF-9345-A294-CD93-92C05330ED2E}.Debug|Any CPU.ActiveCfg = Debug|Any CPU
		{706069DF-9345-A294-CD93-92C05330ED2E}.Debug|Any CPU.Build.0 = Debug|Any CPU
		{706069DF-9345-A294-CD93-92C05330ED2E}.Release|Any CPU.ActiveCfg = Release|Any CPU
		{706069DF-9345-A294-CD93-92C05330ED2E}.Release|Any CPU.Build.0 = Release|Any CPU
		{DA658445-2DC1-C6A1-9418-D8CB26C3CB19}.Debug|Any CPU.ActiveCfg = Debug|Any CPU
		{DA658445-2DC1-C6A1-9418-D8CB26C3CB19}.Debug|Any CPU.Build.0 = Debug|Any CPU
		{DA658445-2DC1-C6A1-9418-D8CB26C3CB19}.Release|Any CPU.ActiveCfg = Release|Any CPU
		{DA658445-2DC1-C6A1-9418-D8CB26C3CB19}.Release|Any CPU.Build.0 = Release|Any CPU
	EndGlobalSection
	GlobalSection(SolutionProperties) = preSolution
		HideSolutionNode = FALSE
	EndGlobalSection
	GlobalSection(NestedProjects) = preSolution
		{258185FE-6922-4CFD-8856-303964512627} = {DDB4EF12-CC4E-5E88-E6FC-71A802F4DE97}
		{F14DF77C-2905-1EEE-2CBD-33FD4E455B86} = {258185FE-6922-4CFD-8856-303964512627}
		{FA55BB30-0E65-F927-9730-20006FEC8276} = {258185FE-6922-4CFD-8856-303964512627}
		{542583C4-5CBB-0F54-7AB8-00C3232B19A7} = {258185FE-6922-4CFD-8856-303964512627}
		{BEDA33A1-72B9-4629-8F34-553DDC2B6DDF} = {DDB4EF12-CC4E-5E88-E6FC-71A802F4DE97}
		{BDDE2A9E-94E6-C138-CB43-C312C3E673C2} = {BEDA33A1-72B9-4629-8F34-553DDC2B6DDF}
		{D269479B-BA29-A6C4-C5C4-2B55C6F27BAB} = {BEDA33A1-72B9-4629-8F34-553DDC2B6DDF}
		{526DA68E-8BD5-6050-CED2-F3EDEF5BFE0F} = {BEDA33A1-72B9-4629-8F34-553DDC2B6DDF}
		{17286B8D-EEE2-4194-9C9F-9FA496CB979B} = {DDB4EF12-CC4E-5E88-E6FC-71A802F4DE97}
		{514BC831-9EB8-4CE2-80D2-ADADFFA276CE} = {17286B8D-EEE2-4194-9C9F-9FA496CB979B}
		{94CE9EF4-7E95-592F-9DF6-782290F9FE2C} = {17286B8D-EEE2-4194-9C9F-9FA496CB979B}
		{706069DF-9345-A294-CD93-92C05330ED2E} = {17286B8D-EEE2-4194-9C9F-9FA496CB979B}
		{DA658445-2DC1-C6A1-9418-D8CB26C3CB19} = {17286B8D-EEE2-4194-9C9F-9FA496CB979B}
	EndGlobalSection
	GlobalSection(ExtensibilityGlobals) = postSolution
		SolutionGuid = {0E7379E5-E25B-4CF9-A353-5C6F80CB04EA}
	EndGlobalSection
EndGlobal
