
Microsoft Visual Studio Solution File, Format Version 12.00
# Visual Studio Version 17
VisualStudioVersion = 17.0.31903.59
MinimumVisualStudioVersion = 10.0.40219.1
Project("{1081FDE7-ABB3-4FDD-B9C9-F309077F7A90}") = "ChatApp1.AppHost", "ChatApp1.AppHost\ChatApp1.AppHost.csproj", "{984636C0-1146-46B9-8B45-67DAEABBCD65}"
EndProject
Project("{1081FDE7-ABB3-4FDD-B9C9-F309077F7A90}") = "ChatApp1.ServiceDefaults", "ChatApp1.ServiceDefaults\ChatApp1.ServiceDefaults.csproj", "{83305FCD-3317-4D0D-A583-18300273EA12}"
EndProject
Project("{1081FDE7-ABB3-4FDD-B9C9-F309077F7A90}") = "ChatApp1.Web", "ChatApp1.Web\ChatApp1.Web.csproj", "{90117818-A087-4C09-85E2-D96FD0A70575}"
EndProject
Global
	GlobalSection(SolutionConfigurationPlatforms) = preSolution
		Debug|Any CPU = Debug|Any CPU
		Release|Any CPU = Release|Any CPU
	EndGlobalSection
	GlobalSection(SolutionProperties) = preSolution
		HideSolutionNode = FALSE
	EndGlobalSection
	GlobalSection(ProjectConfigurationPlatforms) = postSolution
		{984636C0-1146-46B9-8B45-67DAEABBCD65}.Debug|Any CPU.ActiveCfg = Debug|Any CPU
		{984636C0-1146-46B9-8B45-67DAEABBCD65}.Debug|Any CPU.Build.0 = Debug|Any CPU
		{984636C0-1146-46B9-8B45-67DAEABBCD65}.Release|Any CPU.ActiveCfg = Release|Any CPU
		{984636C0-1146-46B9-8B45-67DAEABBCD65}.Release|Any CPU.Build.0 = Release|Any CPU
		{83305FCD-3317-4D0D-A583-18300273EA12}.Debug|Any CPU.ActiveCfg = Debug|Any CPU
		{83305FCD-3317-4D0D-A583-18300273EA12}.Debug|Any CPU.Build.0 = Debug|Any CPU
		{83305FCD-3317-4D0D-A583-18300273EA12}.Release|Any CPU.ActiveCfg = Release|Any CPU
		{83305FCD-3317-4D0D-A583-18300273EA12}.Release|Any CPU.Build.0 = Release|Any CPU
		{90117818-A087-4C09-85E2-D96FD0A70575}.Debug|Any CPU.ActiveCfg = Debug|Any CPU
		{90117818-A087-4C09-85E2-D96FD0A70575}.Debug|Any CPU.Build.0 = Debug|Any CPU
		{90117818-A087-4C09-85E2-D96FD0A70575}.Release|Any CPU.ActiveCfg = Release|Any CPU
		{90117818-A087-4C09-85E2-D96FD0A70575}.Release|Any CPU.Build.0 = Release|Any CPU
	EndGlobalSection
EndGlobal
